
Microsoft Visual Studio Solution File, Format Version 12.00
# Visual Studio Version 17
VisualStudioVersion = 17.11.35312.102
MinimumVisualStudioVersion = 10.0.40219.1
Project("{FAE04EC0-301F-11D3-BF4B-00C04F79EFBC}") = "StoreApiTest", "StoreApiTest\StoreApiTest.csproj", "{CAC0709E-B6E4-42E7-B983-CD03B717D67E}"
EndProject
Project("{FAE04EC0-301F-11D3-BF4B-00C04F79EFBC}") = "Bussiness", "Bussiness\Bussiness.csproj", "{5CFBCACC-4423-424B-9B0A-7AAFC3A3429D}"
EndProject
Global
	GlobalSection(SolutionConfigurationPlatforms) = preSolution
		Debug|Any CPU = Debug|Any CPU
		Release|Any CPU = Release|Any CPU
	EndGlobalSection
	GlobalSection(ProjectConfigurationPlatforms) = postSolution
		{CAC0709E-B6E4-42E7-B983-CD03B717D67E}.Debug|Any CPU.ActiveCfg = Debug|Any CPU
		{CAC0709E-B6E4-42E7-B983-CD03B717D67E}.Debug|Any CPU.Build.0 = Debug|Any CPU
		{CAC0709E-B6E4-42E7-B983-CD03B717D67E}.Release|Any CPU.ActiveCfg = Release|Any CPU
		{CAC0709E-B6E4-42E7-B983-CD03B717D67E}.Release|Any CPU.Build.0 = Release|Any CPU
		{5CFBCACC-4423-424B-9B0A-7AAFC3A3429D}.Debug|Any CPU.ActiveCfg = Debug|Any CPU
		{5CFBCACC-4423-424B-9B0A-7AAFC3A3429D}.Debug|Any CPU.Build.0 = Debug|Any CPU
		{5CFBCACC-4423-424B-9B0A-7AAFC3A3429D}.Release|Any CPU.ActiveCfg = Release|Any CPU
		{5CFBCACC-4423-424B-9B0A-7AAFC3A3429D}.Release|Any CPU.Build.0 = Release|Any CPU
	EndGlobalSection
	GlobalSection(SolutionProperties) = preSolution
		HideSolutionNode = FALSE
	EndGlobalSection
	GlobalSection(ExtensibilityGlobals) = postSolution
		SolutionGuid = {AEDCC9F4-8478-45BF-BD0E-4C9BA273F756}
	EndGlobalSection
EndGlobal
